<?xml version="1.0" encoding="utf-8"?>
<Project ToolsVersion="4.0" xmlns="http://schemas.microsoft.com/developer/msbuild/2003">
  <ItemGroup>
    <Filter Include="Resource Files">
      <UniqueIdentifier>{67DA6AB6-F800-4c08-8B7A-83BB121AAD01}</UniqueIdentifier>
      <Extensions>rc;ico;cur;bmp;dlg;rc2;rct;bin;rgs;gif;jpg;jpeg;jpe;resx;tiff;tif;png;wav;mfcribbon-ms</Extensions>
    </Filter>
    <Filter Include="core">
      <UniqueIdentifier>{902010c5-8d26-45a1-88eb-e7ee9ca94733}</UniqueIdentifier>
    </Filter>
    <Filter Include="utils">
      <UniqueIdentifier>{8ae99a60-2d4d-45c2-80b0-5c883b3e30c8}</UniqueIdentifier>
    </Filter>
    <Filter Include="algorithms">
      <UniqueIdentifier>{e629de50-dda3-4532-b1df-d9c05a7f75e9}</UniqueIdentifier>
    </Filter>
    <Filter Include="test">
      <UniqueIdentifier>{6ec6f9e9-f0cb-430d-be54-1b66f0572afb}</UniqueIdentifier>
    </Filter>
    <Filter Include="packet">
      <UniqueIdentifier>{77dd6ed6-95ba-4cb6-a490-4b6e7301e851}</UniqueIdentifier>
    </Filter>
  </ItemGroup>
  <ItemGroup>
    <ClInclude Include="dx-graph\core\judge.h">
      <Filter>core</Filter>
    </ClInclude>
    <ClInclude Include="dx-graph\utils\buffer.h">
      <Filter>utils</Filter>
    </ClInclude>
    <ClInclude Include="dx-graph\utils\config.h">
      <Filter>utils</Filter>
    </ClInclude>
    <ClInclude Include="dx-graph\utils\graph_data.h">
      <Filter>utils</Filter>
    </ClInclude>
    <ClInclude Include="dx-graph\utils\log_wrapper.h">
      <Filter>utils</Filter>
    </ClInclude>
    <ClInclude Include="dx-graph\utils\mylock.h">
      <Filter>utils</Filter>
    </ClInclude>
    <ClInclude Include="dx-graph\utils\type_utils.h">
      <Filter>utils</Filter>
    </ClInclude>
    <ClInclude Include="dx-graph\utils\types.h">
      <Filter>utils</Filter>
    </ClInclude>
    <ClInclude Include="dx-graph\utils\controll_info.h" />
    <ClInclude Include="dx-graph\utils\consistent_hash.h">
      <Filter>utils</Filter>
    </ClInclude>
    <ClInclude Include="dx-graph\core\graph_define.h">
      <Filter>core</Filter>
    </ClInclude>
    <ClInclude Include="dx-graph\core\update.h">
      <Filter>core</Filter>
    </ClInclude>
    <ClInclude Include="dx-graph\packet\messages.h">
      <Filter>packet</Filter>
    </ClInclude>
    <ClInclude Include="dx-graph\packet\message_factory.h">
      <Filter>packet</Filter>
    </ClInclude>
    <ClInclude Include="dx-graph\algorithms\pagerank.h">
      <Filter>algorithms</Filter>
    </ClInclude>
    <ClInclude Include="dx-graph\core\engine.h">
      <Filter>core</Filter>
    </ClInclude>
    <ClInclude Include="dx-graph\algorithms\old_pagerank.h">
      <Filter>algorithms</Filter>
    </ClInclude>
    <ClInclude Include="dx-graph\core\master.h">
      <Filter>core</Filter>
    </ClInclude>
    <ClInclude Include="dx-graph\core\worker.h">
      <Filter>core</Filter>
    </ClInclude>
    <ClInclude Include="dx-graph\utils\graph_data_sort.h">
      <Filter>utils</Filter>
    </ClInclude>
    <ClInclude Include="dx-graph\algorithms\wcc.h">
      <Filter>algorithms</Filter>
    </ClInclude>
  </ItemGroup>
  <ItemGroup>
    <None Include="ClassDiagram.cd" />
  </ItemGroup>
  <ItemGroup>
    <ClCompile Include="dx-graph\algorithms\wcc.cpp">
      <Filter>algorithms</Filter>
    </ClCompile>
    <ClCompile Include="dx-graph\algorithms\pagerank.cpp">
      <Filter>algorithms</Filter>
    </ClCompile>
  </ItemGroup>
</Project>